
Microsoft Visual Studio Solution File, Format Version 12.00
# Visual Studio Version 16
VisualStudioVersion = 16.0.30011.22
MinimumVisualStudioVersion = 10.0.40219.1
Project("{F184B08F-C81C-45F6-A57F-5ABD9991F28F}") = "Bilibili-UserNameAndIntroduction", "Bilibili-UserNameAndIntroduction\Bilibili-UserNameAndIntroduction.vbproj", "{626D2FBA-3219-47AB-9B2F-E8A7D7E0293D}"
EndProject
Global
	GlobalSection(SolutionConfigurationPlatforms) = preSolution
		Debug|Any CPU = Debug|Any CPU
		Release|Any CPU = Release|Any CPU
	EndGlobalSection
	GlobalSection(ProjectConfigurationPlatforms) = postSolution
		{626D2FBA-3219-47AB-9B2F-E8A7D7E0293D}.Debug|Any CPU.ActiveCfg = Debug|Any CPU
		{626D2FBA-3219-47AB-9B2F-E8A7D7E0293D}.Debug|Any CPU.Build.0 = Debug|Any CPU
		{626D2FBA-3219-47AB-9B2F-E8A7D7E0293D}.Release|Any CPU.ActiveCfg = Release|Any CPU
		{626D2FBA-3219-47AB-9B2F-E8A7D7E0293D}.Release|Any CPU.Build.0 = Release|Any CPU
	EndGlobalSection
	GlobalSection(SolutionProperties) = preSolution
		HideSolutionNode = FALSE
	EndGlobalSection
	GlobalSection(ExtensibilityGlobals) = postSolution
		SolutionGuid = {F6C74483-F933-4C03-B9F0-E51C8E27E191}
	EndGlobalSection
EndGlobal
